
Microsoft Visual Studio Solution File, Format Version 12.00
# Visual Studio 2012
Project("{FAE04EC0-301F-11D3-BF4B-00C04F79EFBC}") = "EightBot.ViewMagnifier", "EightBot.ViewMagnifier\EightBot.ViewMagnifier.csproj", "{1B292C46-A18C-4602-BF79-2644593CE1DF}"
EndProject
Project("{FAE04EC0-301F-11D3-BF4B-00C04F79EFBC}") = "EightBot.ViewMagnifier.Sample", "EightBot.ViewMagnifier.Sample\EightBot.ViewMagnifier.Sample.csproj", "{B8082F50-38CD-4515-BB7B-FABB37E9B657}"
EndProject
Global
	GlobalSection(SolutionConfigurationPlatforms) = preSolution
		Debug|Any CPU = Debug|Any CPU
		Release|Any CPU = Release|Any CPU
		Debug|iPhoneSimulator = Debug|iPhoneSimulator
		Release|iPhone = Release|iPhone
		Release|iPhoneSimulator = Release|iPhoneSimulator
		Debug|iPhone = Debug|iPhone
	EndGlobalSection
	GlobalSection(ProjectConfigurationPlatforms) = postSolution
		{1B292C46-A18C-4602-BF79-2644593CE1DF}.Debug|Any CPU.ActiveCfg = Debug|Any CPU
		{1B292C46-A18C-4602-BF79-2644593CE1DF}.Debug|Any CPU.Build.0 = Debug|Any CPU
		{1B292C46-A18C-4602-BF79-2644593CE1DF}.Debug|iPhone.ActiveCfg = Debug|Any CPU
		{1B292C46-A18C-4602-BF79-2644593CE1DF}.Debug|iPhone.Build.0 = Debug|Any CPU
		{1B292C46-A18C-4602-BF79-2644593CE1DF}.Debug|iPhoneSimulator.ActiveCfg = Debug|Any CPU
		{1B292C46-A18C-4602-BF79-2644593CE1DF}.Debug|iPhoneSimulator.Build.0 = Debug|Any CPU
		{1B292C46-A18C-4602-BF79-2644593CE1DF}.Release|Any CPU.ActiveCfg = Release|Any CPU
		{1B292C46-A18C-4602-BF79-2644593CE1DF}.Release|Any CPU.Build.0 = Release|Any CPU
		{1B292C46-A18C-4602-BF79-2644593CE1DF}.Release|iPhone.ActiveCfg = Release|Any CPU
		{1B292C46-A18C-4602-BF79-2644593CE1DF}.Release|iPhone.Build.0 = Release|Any CPU
		{1B292C46-A18C-4602-BF79-2644593CE1DF}.Release|iPhoneSimulator.ActiveCfg = Release|Any CPU
		{1B292C46-A18C-4602-BF79-2644593CE1DF}.Release|iPhoneSimulator.Build.0 = Release|Any CPU
		{B8082F50-38CD-4515-BB7B-FABB37E9B657}.Debug|Any CPU.ActiveCfg = Debug|iPhoneSimulator
		{B8082F50-38CD-4515-BB7B-FABB37E9B657}.Debug|Any CPU.Build.0 = Debug|iPhoneSimulator
		{B8082F50-38CD-4515-BB7B-FABB37E9B657}.Debug|iPhone.ActiveCfg = Debug|iPhone
		{B8082F50-38CD-4515-BB7B-FABB37E9B657}.Debug|iPhone.Build.0 = Debug|iPhone
		{B8082F50-38CD-4515-BB7B-FABB37E9B657}.Debug|iPhoneSimulator.ActiveCfg = Debug|iPhoneSimulator
		{B8082F50-38CD-4515-BB7B-FABB37E9B657}.Debug|iPhoneSimulator.Build.0 = Debug|iPhoneSimulator
		{B8082F50-38CD-4515-BB7B-FABB37E9B657}.Release|Any CPU.ActiveCfg = Release|iPhone
		{B8082F50-38CD-4515-BB7B-FABB37E9B657}.Release|Any CPU.Build.0 = Release|iPhone
		{B8082F50-38CD-4515-BB7B-FABB37E9B657}.Release|iPhone.ActiveCfg = Release|iPhone
		{B8082F50-38CD-4515-BB7B-FABB37E9B657}.Release|iPhone.Build.0 = Release|iPhone
		{B8082F50-38CD-4515-BB7B-FABB37E9B657}.Release|iPhoneSimulator.ActiveCfg = Release|iPhoneSimulator
		{B8082F50-38CD-4515-BB7B-FABB37E9B657}.Release|iPhoneSimulator.Build.0 = Release|iPhoneSimulator
	EndGlobalSection
EndGlobal
